// !$*UTF8*$!
{
	archiveVersion = 1;
	classes = {
	};
	objectVersion = 56;
	objects = {

/* Begin PBXBuildFile section */
		EB62B4192A40C52C0081B426 /* Action.swift in Sources */ = {isa = PBXBuildFile; fileRef = EB62B4182A40C52C0081B426 /* Action.swift */; };
		EB62B41B2A40C5C40081B426 /* Business.swift in Sources */ = {isa = PBXBuildFile; fileRef = EB62B41A2A40C5C40081B426 /* Business.swift */; };
		EB62B41D2A40C6580081B426 /* MapController.swift in Sources */ = {isa = PBXBuildFile; fileRef = EB62B41C2A40C6580081B426 /* MapController.swift */; };
		EB94CCB72A44BA5F00385046 /* LocationManager.swift in Sources */ = {isa = PBXBuildFile; fileRef = EB94CCB62A44BA5F00385046 /* LocationManager.swift */; };
		EB94CCB92A464E5700385046 /* BusinessView.swift in Sources */ = {isa = PBXBuildFile; fileRef = EB94CCB82A464E5700385046 /* BusinessView.swift */; };
		EB94CCBB2A46530900385046 /* MapView.swift in Sources */ = {isa = PBXBuildFile; fileRef = EB94CCBA2A46530900385046 /* MapView.swift */; };
		EBE2AB452A40C3760043A5F2 /* ExploreMapkitApp.swift in Sources */ = {isa = PBXBuildFile; fileRef = EBE2AB442A40C3760043A5F2 /* ExploreMapkitApp.swift */; };
		EBE2AB472A40C3760043A5F2 /* ContentView.swift in Sources */ = {isa = PBXBuildFile; fileRef = EBE2AB462A40C3760043A5F2 /* ContentView.swift */; };
		EBE2AB492A40C3770043A5F2 /* Assets.xcassets in Resources */ = {isa = PBXBuildFile; fileRef = EBE2AB482A40C3770043A5F2 /* Assets.xcassets */; };
		EBE2AB4C2A40C3770043A5F2 /* Preview Assets.xcassets in Resources */ = {isa = PBXBuildFile; fileRef = EBE2AB4B2A40C3770043A5F2 /* Preview Assets.xcassets */; };
/* End PBXBuildFile section */

/* Begin PBXFileReference section */
		EB62B4182A40C52C0081B426 /* Action.swift */ = {isa = PBXFileReference; lastKnownFileType = sourcecode.swift; path = Action.swift; sourceTree = "<group>"; };
		EB62B41A2A40C5C40081B426 /* Business.swift */ = {isa = PBXFileReference; lastKnownFileType = sourcecode.swift; path = Business.swift; sourceTree = "<group>"; };
		EB62B41C2A40C6580081B426 /* MapController.swift */ = {isa = PBXFileReference; lastKnownFileType = sourcecode.swift; path = MapController.swift; sourceTree = "<group>"; };
		EB94CCB52A44B96B00385046 /* Info.plist */ = {isa = PBXFileReference; lastKnownFileType = text.plist; path = Info.plist; sourceTree = "<group>"; };
		EB94CCB62A44BA5F00385046 /* LocationManager.swift */ = {isa = PBXFileReference; lastKnownFileType = sourcecode.swift; path = LocationManager.swift; sourceTree = "<group>"; };
		EB94CCB82A464E5700385046 /* BusinessView.swift */ = {isa = PBXFileReference; lastKnownFileType = sourcecode.swift; path = BusinessView.swift; sourceTree = "<group>"; };
		EB94CCBA2A46530900385046 /* MapView.swift */ = {isa = PBXFileReference; lastKnownFileType = sourcecode.swift; path = MapView.swift; sourceTree = "<group>"; };
		EBE2AB412A40C3760043A5F2 /* ExploreMapkit.app */ = {isa = PBXFileReference; explicitFileType = wrapper.application; includeInIndex = 0; path = ExploreMapkit.app; sourceTree = BUILT_PRODUCTS_DIR; };
		EBE2AB442A40C3760043A5F2 /* ExploreMapkitApp.swift */ = {isa = PBXFileReference; lastKnownFileType = sourcecode.swift; path = ExploreMapkitApp.swift; sourceTree = "<group>"; };
		EBE2AB462A40C3760043A5F2 /* ContentView.swift */ = {isa = PBXFileReference; lastKnownFileType = sourcecode.swift; path = ContentView.swift; sourceTree = "<group>"; };
		EBE2AB482A40C3770043A5F2 /* Assets.xcassets */ = {isa = PBXFileReference; lastKnownFileType = folder.assetcatalog; path = Assets.xcassets; sourceTree = "<group>"; };
		EBE2AB4B2A40C3770043A5F2 /* Preview Assets.xcassets */ = {isa = PBXFileReference; lastKnownFileType = folder.assetcatalog; path = "Preview Assets.xcassets"; sourceTree = "<group>"; };
/* End PBXFileReference section */

/* Begin PBXFrameworksBuildPhase section */
		EBE2AB3E2A40C3760043A5F2 /* Frameworks */ = {
			isa = PBXFrameworksBuildPhase;
			buildActionMask = 2147483647;
			files = (
			);
			runOnlyForDeploymentPostprocessing = 0;
		};
/* End PBXFrameworksBuildPhase section */

/* Begin PBXGroup section */
		EBE2AB382A40C3760043A5F2 = {
			isa = PBXGroup;
			children = (
				EBE2AB432A40C3760043A5F2 /* ExploreMapkit */,
				EBE2AB422A40C3760043A5F2 /* Products */,
			);
			sourceTree = "<group>";
		};
		EBE2AB422A40C3760043A5F2 /* Products */ = {
			isa = PBXGroup;
			children = (
				EBE2AB412A40C3760043A5F2 /* ExploreMapkit.app */,
			);
			name = Products;
			sourceTree = "<group>";
		};
		EBE2AB432A40C3760043A5F2 /* ExploreMapkit */ = {
			isa = PBXGroup;
			children = (
				EB94CCB52A44B96B00385046 /* Info.plist */,
				EBE2AB442A40C3760043A5F2 /* ExploreMapkitApp.swift */,
				EBE2AB462A40C3760043A5F2 /* ContentView.swift */,
				EB62B4182A40C52C0081B426 /* Action.swift */,
				EB94CCB62A44BA5F00385046 /* LocationManager.swift */,
				EB62B41C2A40C6580081B426 /* MapController.swift */,
				EB94CCB82A464E5700385046 /* BusinessView.swift */,
				EB94CCBA2A46530900385046 /* MapView.swift */,
				EB62B41A2A40C5C40081B426 /* Business.swift */,
				EBE2AB482A40C3770043A5F2 /* Assets.xcassets */,
				EBE2AB4A2A40C3770043A5F2 /* Preview Content */,
			);
			path = ExploreMapkit;
			sourceTree = "<group>";
		};
		EBE2AB4A2A40C3770043A5F2 /* Preview Content */ = {
			isa = PBXGroup;
			children = (
				EBE2AB4B2A40C3770043A5F2 /* Preview Assets.xcassets */,
			);
			path = "Preview Content";
			sourceTree = "<group>";
		};
/* End PBXGroup section */

/* Begin PBXNativeTarget section */
		EBE2AB402A40C3760043A5F2 /* ExploreMapkit */ = {
			isa = PBXNativeTarget;
			buildConfigurationList = EBE2AB4F2A40C3770043A5F2 /* Build configuration list for PBXNativeTarget "ExploreMapkit" */;
			buildPhases = (
				EBE2AB3D2A40C3760043A5F2 /* Sources */,
				EBE2AB3E2A40C3760043A5F2 /* Frameworks */,
				EBE2AB3F2A40C3760043A5F2 /* Resources */,
			);
			buildRules = (
			);
			dependencies = (
			);
			name = ExploreMapkit;
			productName = ExploreMapkit;
			productReference = EBE2AB412A40C3760043A5F2 /* ExploreMapkit.app */;
			productType = "com.apple.product-type.application";
		};
/* End PBXNativeTarget section */

/* Begin PBXProject section */
		EBE2AB392A40C3760043A5F2 /* Project object */ = {
			isa = PBXProject;
			attributes = {
				BuildIndependentTargetsInParallel = 1;
				LastSwiftUpdateCheck = 1430;
				LastUpgradeCheck = 1430;
				TargetAttributes = {
					EBE2AB402A40C3760043A5F2 = {
						CreatedOnToolsVersion = 14.3.1;
					};
				};
			};
			buildConfigurationList = EBE2AB3C2A40C3760043A5F2 /* Build configuration list for PBXProject "ExploreMapkit" */;
			compatibilityVersion = "Xcode 14.0";
			developmentRegion = en;
			hasScannedForEncodings = 0;
			knownRegions = (
				en,
				Base,
			);
			mainGroup = EBE2AB382A40C3760043A5F2;
			productRefGroup = EBE2AB422A40C3760043A5F2 /* Products */;
			projectDirPath = "";
			projectRoot = "";
			targets = (
				EBE2AB402A40C3760043A5F2 /* ExploreMapkit */,
			);
		};
/* End PBXProject section */

/* Begin PBXResourcesBuildPhase section */
		EBE2AB3F2A40C3760043A5F2 /* Resources */ = {
			isa = PBXResourcesBuildPhase;
			buildActionMask = 2147483647;
			files = (
				EBE2AB4C2A40C3770043A5F2 /* Preview Assets.xcassets in Resources */,
				EBE2AB492A40C3770043A5F2 /* Assets.xcassets in Resources */,
			);
			runOnlyForDeploymentPostprocessing = 0;
		};
/* End PBXResourcesBuildPhase section */

/* Begin PBXSourcesBuildPhase section */
		EBE2AB3D2A40C3760043A5F2 /* Sources */ = {
			isa = PBXSourcesBuildPhase;
			buildActionMask = 2147483647;
			files = (
				EB94CCB92A464E5700385046 /* BusinessView.swift in Sources */,
				EB94CCBB2A46530900385046 /* MapView.swift in Sources */,
				EBE2AB472A40C3760043A5F2 /* ContentView.swift in Sources */,
				EB62B41B2A40C5C40081B426 /* Business.swift in Sources */,
				EB94CCB72A44BA5F00385046 /* LocationManager.swift in Sources */,
				EB62B4192A40C52C0081B426 /* Action.swift in Sources */,
				EB62B41D2A40C6580081B426 /* MapController.swift in Sources */,
				EBE2AB452A40C3760043A5F2 /* ExploreMapkitApp.swift in Sources */,
			);
			runOnlyForDeploymentPostprocessing = 0;
		};
/* End PBXSourcesBuildPhase section */

/* Begin XCBuildConfiguration section */
		EBE2AB4D2A40C3770043A5F2 /* Debug */ = {
			isa = XCBuildConfiguration;
			buildSettings = {
				ALWAYS_SEARCH_USER_PATHS = NO;
				CLANG_ANALYZER_NONNULL = YES;
				CLANG_ANALYZER_NUMBER_OBJECT_CONVERSION = YES_AGGRESSIVE;
				CLANG_CXX_LANGUAGE_STANDARD = "gnu++20";
				CLANG_ENABLE_MODULES = YES;
				CLANG_ENABLE_OBJC_ARC = YES;
				CLANG_ENABLE_OBJC_WEAK = YES;
				CLANG_WARN_BLOCK_CAPTURE_AUTORELEASING = YES;
				CLANG_WARN_BOOL_CONVERSION = YES;
				CLANG_WARN_COMMA = YES;
				CLANG_WARN_CONSTANT_CONVERSION = YES;
				CLANG_WARN_DEPRECATED_OBJC_IMPLEMENTATIONS = YES;
				CLANG_WARN_DIRECT_OBJC_ISA_USAGE = YES_ERROR;
				CLANG_WARN_DOCUMENTATION_COMMENTS = YES;
				CLANG_WARN_EMPTY_BODY = YES;
				CLANG_WARN_ENUM_CONVERSION = YES;
				CLANG_WARN_INFINITE_RECURSION = YES;
				CLANG_WARN_INT_CONVERSION = YES;
				CLANG_WARN_NON_LITERAL_NULL_CONVERSION = YES;
				CLANG_WARN_OBJC_IMPLICIT_RETAIN_SELF = YES;
				CLANG_WARN_OBJC_LITERAL_CONVERSION = YES;
				CLANG_WARN_OBJC_ROOT_CLASS = YES_ERROR;
				CLANG_WARN_QUOTED_INCLUDE_IN_FRAMEWORK_HEADER = YES;
				CLANG_WARN_RANGE_LOOP_ANALYSIS = YES;
				CLANG_WARN_STRICT_PROTOTYPES = YES;
				CLANG_WARN_SUSPICIOUS_MOVE = YES;
				CLANG_WARN_UNGUARDED_AVAILABILITY = YES_AGGRESSIVE;
				CLANG_WARN_UNREACHABLE_CODE = YES;
				CLANG_WARN__DUPLICATE_METHOD_MATCH = YES;
				COPY_PHASE_STRIP = NO;
				DEBUG_INFORMATION_FORMAT = dwarf;
				ENABLE_STRICT_OBJC_MSGSEND = YES;
				ENABLE_TESTABILITY = YES;
				GCC_C_LANGUAGE_STANDARD = gnu11;
				GCC_DYNAMIC_NO_PIC = NO;
				GCC_NO_COMMON_BLOCKS = YES;
				GCC_OPTIMIZATION_LEVEL = 0;
				GCC_PREPROCESSOR_DEFINITIONS = (
					"DEBUG=1",
					"$(inherited)",
				);
				GCC_WARN_64_TO_32_BIT_CONVERSION = YES;
				GCC_WARN_ABOUT_RETURN_TYPE = YES_ERROR;
				GCC_WARN_UNDECLARED_SELECTOR = YES;
				GCC_WARN_UNINITIALIZED_AUTOS = YES_AGGRESSIVE;
				GCC_WARN_UNUSED_FUNCTION = YES;
				GCC_WARN_UNUSED_VARIABLE = YES;
				IPHONEOS_DEPLOYMENT_TARGET = 16.4;
				MTL_ENABLE_DEBUG_INFO = INCLUDE_SOURCE;
				MTL_FAST_MATH = YES;
				ONLY_ACTIVE_ARCH = YES;
				SDKROOT = iphoneos;
				SWIFT_ACTIVE_COMPILATION_CONDITIONS = DEBUG;
				SWIFT_OPTIMIZATION_LEVEL = "-Onone";
			};
			name = Debug;
		};
		EBE2AB4E2A40C3770043A5F2 /* Release */ = {
			isa = XCBuildConfiguration;
			buildSettings = {
				ALWAYS_SEARCH_USER_PATHS = NO;
				CLANG_ANALYZER_NONNULL = YES;
				CLANG_ANALYZER_NUMBER_OBJECT_CONVERSION = YES_AGGRESSIVE;
				CLANG_CXX_LANGUAGE_STANDARD = "gnu++20";
				CLANG_ENABLE_MODULES = YES;
				CLANG_ENABLE_OBJC_ARC = YES;
				CLANG_ENABLE_OBJC_WEAK = YES;
				CLANG_WARN_BLOCK_CAPTURE_AUTORELEASING = YES;
				CLANG_WARN_BOOL_CONVERSION = YES;
				CLANG_WARN_COMMA = YES;
				CLANG_WARN_CONSTANT_CONVERSION = YES;
				CLANG_WARN_DEPRECATED_OBJC_IMPLEMENTATIONS = YES;
				CLANG_WARN_DIRECT_OBJC_ISA_USAGE = YES_ERROR;
				CLANG_WARN_DOCUMENTATION_COMMENTS = YES;
				CLANG_WARN_EMPTY_BODY = YES;
				CLANG_WARN_ENUM_CONVERSION = YES;
				CLANG_WARN_INFINITE_RECURSION = YES;
				CLANG_WARN_INT_CONVERSION = YES;
				CLANG_WARN_NON_LITERAL_NULL_CONVERSION = YES;
				CLANG_WARN_OBJC_IMPLICIT_RETAIN_SELF = YES;
				CLANG_WARN_OBJC_LITERAL_CONVERSION = YES;
				CLANG_WARN_OBJC_ROOT_CLASS = YES_ERROR;
				CLANG_WARN_QUOTED_INCLUDE_IN_FRAMEWORK_HEADER = YES;
				CLANG_WARN_RANGE_LOOP_ANALYSIS = YES;
				CLANG_WARN_STRICT_PROTOTYPES = YES;
				CLANG_WARN_SUSPICIOUS_MOVE = YES;
				CLANG_WARN_UNGUARDED_AVAILABILITY = YES_AGGRESSIVE;
				CLANG_WARN_UNREACHABLE_CODE = YES;
				CLANG_WARN__DUPLICATE_METHOD_MATCH = YES;
				COPY_PHASE_STRIP = NO;
				DEBUG_INFORMATION_FORMAT = "dwarf-with-dsym";
				ENABLE_NS_ASSERTIONS = NO;
				ENABLE_STRICT_OBJC_MSGSEND = YES;
				GCC_C_LANGUAGE_STANDARD = gnu11;
				GCC_NO_COMMON_BLOCKS = YES;
				GCC_WARN_64_TO_32_BIT_CONVERSION = YES;
				GCC_WARN_ABOUT_RETURN_TYPE = YES_ERROR;
				GCC_WARN_UNDECLARED_SELECTOR = YES;
				GCC_WARN_UNINITIALIZED_AUTOS = YES_AGGRESSIVE;
				GCC_WARN_UNUSED_FUNCTION = YES;
				GCC_WARN_UNUSED_VARIABLE = YES;
				IPHONEOS_DEPLOYMENT_TARGET = 16.4;
				MTL_ENABLE_DEBUG_INFO = NO;
				MTL_FAST_MATH = YES;
				SDKROOT = iphoneos;
				SWIFT_COMPILATION_MODE = wholemodule;
				SWIFT_OPTIMIZATION_LEVEL = "-O";
				VALIDATE_PRODUCT = YES;
			};
			name = Release;
		};
		EBE2AB502A40C3770043A5F2 /* Debug */ = {
			isa = XCBuildConfiguration;
			buildSettings = {
				ASSETCATALOG_COMPILER_APPICON_NAME = AppIcon;
				ASSETCATALOG_COMPILER_GLOBAL_ACCENT_COLOR_NAME = AccentColor;
				CODE_SIGN_STYLE = Automatic;
				CURRENT_PROJECT_VERSION = 1;
				DEVELOPMENT_ASSET_PATHS = "\"ExploreMapkit/Preview Content\"";
				DEVELOPMENT_TEAM = MR82WX79L7;
				ENABLE_PREVIEWS = YES;
				GENERATE_INFOPLIST_FILE = YES;
				INFOPLIST_FILE = ExploreMapkit/Info.plist;
				INFOPLIST_KEY_NSLocationWhenInUseUsageDescription = "Allow access to your location?";
				INFOPLIST_KEY_UIApplicationSceneManifest_Generation = YES;
				INFOPLIST_KEY_UIApplicationSupportsIndirectInputEvents = YES;
				INFOPLIST_KEY_UILaunchScreen_Generation = YES;
				INFOPLIST_KEY_UISupportedInterfaceOrientations_iPad = "UIInterfaceOrientationPortrait UIInterfaceOrientationPortraitUpsideDown UIInterfaceOrientationLandscapeLeft UIInterfaceOrientationLandscapeRight";
				INFOPLIST_KEY_UISupportedInterfaceOrientations_iPhone = "UIInterfaceOrientationPortrait UIInterfaceOrientationLandscapeLeft UIInterfaceOrientationLandscapeRight";
				LD_RUNPATH_SEARCH_PATHS = (
					"$(inherited)",
					"@executable_path/Frameworks",
				);
				MARKETING_VERSION = 1.0;
				PRODUCT_BUNDLE_IDENTIFIER = com.CuriousR.ExploreMapkit;
				PRODUCT_NAME = "$(TARGET_NAME)";
				SWIFT_EMIT_LOC_STRINGS = YES;
				SWIFT_VERSION = 5.0;
				TARGETED_DEVICE_FAMILY = "1,2";
			};
			name = Debug;
		};
		EBE2AB512A40C3770043A5F2 /* Release */ = {
			isa = XCBuildConfiguration;
			buildSettings = {
				ASSETCATALOG_COMPILER_APPICON_NAME = AppIcon;
				ASSETCATALOG_COMPILER_GLOBAL_ACCENT_COLOR_NAME = AccentColor;
				CODE_SIGN_STYLE = Automatic;
				CURRENT_PROJECT_VERSION = 1;
				DEVELOPMENT_ASSET_PATHS = "\"ExploreMapkit/Preview Content\"";
				DEVELOPMENT_TEAM = MR82WX79L7;
				ENABLE_PREVIEWS = YES;
				GENERATE_INFOPLIST_FILE = YES;
				INFOPLIST_FILE = ExploreMapkit/Info.plist;
				INFOPLIST_KEY_NSLocationWhenInUseUsageDescription = "Allow access to your location?";
				INFOPLIST_KEY_UIApplicationSceneManifest_Generation = YES;
				INFOPLIST_KEY_UIApplicationSupportsIndirectInputEvents = YES;
				INFOPLIST_KEY_UILaunchScreen_Generation = YES;
				INFOPLIST_KEY_UISupportedInterfaceOrientations_iPad = "UIInterfaceOrientationPortrait UIInterfaceOrientationPortraitUpsideDown UIInterfaceOrientationLandscapeLeft UIInterfaceOrientationLandscapeRight";
				INFOPLIST_KEY_UISupportedInterfaceOrientations_iPhone = "UIInterfaceOrientationPortrait UIInterfaceOrientationLandscapeLeft UIInterfaceOrientationLandscapeRight";
				LD_RUNPATH_SEARCH_PATHS = (
					"$(inherited)",
					"@executable_path/Frameworks",
				);
				MARKETING_VERSION = 1.0;
				PRODUCT_BUNDLE_IDENTIFIER = com.CuriousR.ExploreMapkit;
				PRODUCT_NAME = "$(TARGET_NAME)";
				SWIFT_EMIT_LOC_STRINGS = YES;
				SWIFT_VERSION = 5.0;
				TARGETED_DEVICE_FAMILY = "1,2";
			};
			name = Release;
		};
/* End XCBuildConfiguration section */

/* Begin XCConfigurationList section */
		EBE2AB3C2A40C3760043A5F2 /* Build configuration list for PBXProject "ExploreMapkit" */ = {
			isa = XCConfigurationList;
			buildConfigurations = (
				EBE2AB4D2A40C3770043A5F2 /* Debug */,
				EBE2AB4E2A40C3770043A5F2 /* Release */,
			);
			defaultConfigurationIsVisible = 0;
			defaultConfigurationName = Release;
		};
		EBE2AB4F2A40C3770043A5F2 /* Build configuration list for PBXNativeTarget "ExploreMapkit" */ = {
			isa = XCConfigurationList;
			buildConfigurations = (
				EBE2AB502A40C3770043A5F2 /* Debug */,
				EBE2AB512A40C3770043A5F2 /* Release */,
			);
			defaultConfigurationIsVisible = 0;
			defaultConfigurationName = Release;
		};
/* End XCConfigurationList section */
	};
	rootObject = EBE2AB392A40C3760043A5F2 /* Project object */;
}
